
Microsoft Visual Studio Solution File, Format Version 12.00
# Visual Studio Version 17
VisualStudioVersion = 17.10.35027.167
MinimumVisualStudioVersion = 10.0.40219.1
Project("{FAE04EC0-301F-11D3-BF4B-00C04F79EFBC}") = "A37-Classe Array", "A37-Classe Array\A37-Classe Array.csproj", "{3985DFCC-2CAC-468A-A0DB-329CBC1CC690}"
EndProject
Global
	GlobalSection(SolutionConfigurationPlatforms) = preSolution
		Debug|Any CPU = Debug|Any CPU
		Release|Any CPU = Release|Any CPU
	EndGlobalSection
	GlobalSection(ProjectConfigurationPlatforms) = postSolution
		{3985DFCC-2CAC-468A-A0DB-329CBC1CC690}.Debug|Any CPU.ActiveCfg = Debug|Any CPU
		{3985DFCC-2CAC-468A-A0DB-329CBC1CC690}.Debug|Any CPU.Build.0 = Debug|Any CPU
		{3985DFCC-2CAC-468A-A0DB-329CBC1CC690}.Release|Any CPU.ActiveCfg = Release|Any CPU
		{3985DFCC-2CAC-468A-A0DB-329CBC1CC690}.Release|Any CPU.Build.0 = Release|Any CPU
	EndGlobalSection
	GlobalSection(SolutionProperties) = preSolution
		HideSolutionNode = FALSE
	EndGlobalSection
	GlobalSection(ExtensibilityGlobals) = postSolution
		SolutionGuid = {19DE3305-7061-46CF-8252-747F9EB42AD6}
	EndGlobalSection
EndGlobal
