
Microsoft Visual Studio Solution File, Format Version 12.00
# Visual Studio Version 17
VisualStudioVersion = 17.10.35122.118
MinimumVisualStudioVersion = 10.0.40219.1
Project("{FAE04EC0-301F-11D3-BF4B-00C04F79EFBC}") = "Exercício de List", "Exercício de List.csproj", "{AB1D246E-0CAB-4A67-B5EA-EF006E593DB2}"
EndProject
Global
	GlobalSection(SolutionConfigurationPlatforms) = preSolution
		Debug|Any CPU = Debug|Any CPU
		Release|Any CPU = Release|Any CPU
	EndGlobalSection
	GlobalSection(ProjectConfigurationPlatforms) = postSolution
		{AB1D246E-0CAB-4A67-B5EA-EF006E593DB2}.Debug|Any CPU.ActiveCfg = Debug|Any CPU
		{AB1D246E-0CAB-4A67-B5EA-EF006E593DB2}.Debug|Any CPU.Build.0 = Debug|Any CPU
		{AB1D246E-0CAB-4A67-B5EA-EF006E593DB2}.Release|Any CPU.ActiveCfg = Release|Any CPU
		{AB1D246E-0CAB-4A67-B5EA-EF006E593DB2}.Release|Any CPU.Build.0 = Release|Any CPU
	EndGlobalSection
	GlobalSection(SolutionProperties) = preSolution
		HideSolutionNode = FALSE
	EndGlobalSection
	GlobalSection(ExtensibilityGlobals) = postSolution
		SolutionGuid = {AADCF2CB-2FE5-4540-8B84-F211C9F71E58}
	EndGlobalSection
EndGlobal
