
Microsoft Visual Studio Solution File, Format Version 12.00
# Visual Studio Version 17
VisualStudioVersion = 17.0.31903.59
MinimumVisualStudioVersion = 10.0.40219.1
Project("{FAE04EC0-301F-11D3-BF4B-00C04F79EFBC}") = "Tipos de Entrada e Saída", "Tipos de Entrada e Saída\Tipos de Entrada e Saída.csproj", "{F5B893AD-1D5B-4F8F-B605-4103C3B4F07A}"
EndProject
Global
	GlobalSection(SolutionConfigurationPlatforms) = preSolution
		Debug|Any CPU = Debug|Any CPU
		Release|Any CPU = Release|Any CPU
	EndGlobalSection
	GlobalSection(SolutionProperties) = preSolution
		HideSolutionNode = FALSE
	EndGlobalSection
	GlobalSection(ProjectConfigurationPlatforms) = postSolution
		{F5B893AD-1D5B-4F8F-B605-4103C3B4F07A}.Debug|Any CPU.ActiveCfg = Debug|Any CPU
		{F5B893AD-1D5B-4F8F-B605-4103C3B4F07A}.Debug|Any CPU.Build.0 = Debug|Any CPU
		{F5B893AD-1D5B-4F8F-B605-4103C3B4F07A}.Release|Any CPU.ActiveCfg = Release|Any CPU
		{F5B893AD-1D5B-4F8F-B605-4103C3B4F07A}.Release|Any CPU.Build.0 = Release|Any CPU
	EndGlobalSection
EndGlobal
