
Microsoft Visual Studio Solution File, Format Version 12.00
# Visual Studio Version 17
VisualStudioVersion = 17.10.35122.118
MinimumVisualStudioVersion = 10.0.40219.1
Project("{FAE04EC0-301F-11D3-BF4B-00C04F79EFBC}") = "Indexadores", "Indexadores.csproj", "{8A3F1874-EF73-4960-9962-8BD400482F52}"
EndProject
Global
	GlobalSection(SolutionConfigurationPlatforms) = preSolution
		Debug|Any CPU = Debug|Any CPU
		Release|Any CPU = Release|Any CPU
	EndGlobalSection
	GlobalSection(ProjectConfigurationPlatforms) = postSolution
		{8A3F1874-EF73-4960-9962-8BD400482F52}.Debug|Any CPU.ActiveCfg = Debug|Any CPU
		{8A3F1874-EF73-4960-9962-8BD400482F52}.Debug|Any CPU.Build.0 = Debug|Any CPU
		{8A3F1874-EF73-4960-9962-8BD400482F52}.Release|Any CPU.ActiveCfg = Release|Any CPU
		{8A3F1874-EF73-4960-9962-8BD400482F52}.Release|Any CPU.Build.0 = Release|Any CPU
	EndGlobalSection
	GlobalSection(SolutionProperties) = preSolution
		HideSolutionNode = FALSE
	EndGlobalSection
	GlobalSection(ExtensibilityGlobals) = postSolution
		SolutionGuid = {FF9915DE-12E8-46C8-9EC1-D654818A7860}
	EndGlobalSection
EndGlobal
