
Microsoft Visual Studio Solution File, Format Version 12.00
# Visual Studio Version 17
VisualStudioVersion = 17.10.35122.118
MinimumVisualStudioVersion = 10.0.40219.1
Project("{FAE04EC0-301F-11D3-BF4B-00C04F79EFBC}") = "List e Métodos de ADC e SUB", "List e Métodos de ADC e SUB\List e Métodos de ADC e SUB.csproj", "{82F75FD7-2FDE-4C95-98E4-49C448971530}"
EndProject
Global
	GlobalSection(SolutionConfigurationPlatforms) = preSolution
		Debug|Any CPU = Debug|Any CPU
		Release|Any CPU = Release|Any CPU
	EndGlobalSection
	GlobalSection(ProjectConfigurationPlatforms) = postSolution
		{82F75FD7-2FDE-4C95-98E4-49C448971530}.Debug|Any CPU.ActiveCfg = Debug|Any CPU
		{82F75FD7-2FDE-4C95-98E4-49C448971530}.Debug|Any CPU.Build.0 = Debug|Any CPU
		{82F75FD7-2FDE-4C95-98E4-49C448971530}.Release|Any CPU.ActiveCfg = Release|Any CPU
		{82F75FD7-2FDE-4C95-98E4-49C448971530}.Release|Any CPU.Build.0 = Release|Any CPU
	EndGlobalSection
	GlobalSection(SolutionProperties) = preSolution
		HideSolutionNode = FALSE
	EndGlobalSection
	GlobalSection(ExtensibilityGlobals) = postSolution
		SolutionGuid = {78106097-153B-49E8-87E4-14EDB7DC560C}
	EndGlobalSection
EndGlobal
